
Microsoft Visual Studio Solution File, Format Version 12.00
# Visual Studio Version 16
VisualStudioVersion = 16.0.30011.22
MinimumVisualStudioVersion = 10.0.40219.1
Project("{FAE04EC0-301F-11D3-BF4B-00C04F79EFBC}") = "GroceryManagement", "GroceryManagement.csproj", "{7ABF6944-45A2-4A79-AD6E-B7A8D982DCD9}"
EndProject
Project("{9A19103F-16F7-4668-BE54-9A1E7A4F7556}") = "GroceryConsoleTest", "..\GroceryConsoleTest\GroceryConsoleTest.csproj", "{A36FFE84-50BE-4B73-80E8-CA38CE905323}"
EndProject
Global
	GlobalSection(SolutionConfigurationPlatforms) = preSolution
		Debug|Any CPU = Debug|Any CPU
		Release|Any CPU = Release|Any CPU
	EndGlobalSection
	GlobalSection(ProjectConfigurationPlatforms) = postSolution
		{7ABF6944-45A2-4A79-AD6E-B7A8D982DCD9}.Debug|Any CPU.ActiveCfg = Debug|Any CPU
		{7ABF6944-45A2-4A79-AD6E-B7A8D982DCD9}.Debug|Any CPU.Build.0 = Debug|Any CPU
		{7ABF6944-45A2-4A79-AD6E-B7A8D982DCD9}.Release|Any CPU.ActiveCfg = Release|Any CPU
		{7ABF6944-45A2-4A79-AD6E-B7A8D982DCD9}.Release|Any CPU.Build.0 = Release|Any CPU
		{A36FFE84-50BE-4B73-80E8-CA38CE905323}.Debug|Any CPU.ActiveCfg = Debug|Any CPU
		{A36FFE84-50BE-4B73-80E8-CA38CE905323}.Debug|Any CPU.Build.0 = Debug|Any CPU
		{A36FFE84-50BE-4B73-80E8-CA38CE905323}.Release|Any CPU.ActiveCfg = Release|Any CPU
		{A36FFE84-50BE-4B73-80E8-CA38CE905323}.Release|Any CPU.Build.0 = Release|Any CPU
	EndGlobalSection
	GlobalSection(SolutionProperties) = preSolution
		HideSolutionNode = FALSE
	EndGlobalSection
	GlobalSection(ExtensibilityGlobals) = postSolution
		SolutionGuid = {8DB24536-0ED8-406B-B10E-26E72F2D1DCE}
	EndGlobalSection
EndGlobal
