
Microsoft Visual Studio Solution File, Format Version 12.00
# Visual Studio Version 16
VisualStudioVersion = 16.0.30011.22
MinimumVisualStudioVersion = 10.0.40219.1
Project("{FAE04EC0-301F-11D3-BF4B-00C04F79EFBC}") = "GroceryGUI", "GroceryGUI.csproj", "{31A3FDDD-F716-44A7-919C-8036F4398CC4}"
EndProject
Project("{FAE04EC0-301F-11D3-BF4B-00C04F79EFBC}") = "GroceryManagement", "..\GroceryManagement\GroceryManagement.csproj", "{7ABF6944-45A2-4A79-AD6E-B7A8D982DCD9}"
EndProject
Project("{FAE04EC0-301F-11D3-BF4B-00C04F79EFBC}") = "GroceryConsoleTest", "..\GroceryConsoleTest\GroceryConsoleTest.csproj", "{C4DB97F8-E9FD-4EDF-B06B-5EE26A70B9BE}"
EndProject
Global
	GlobalSection(SolutionConfigurationPlatforms) = preSolution
		Debug|Any CPU = Debug|Any CPU
		Release|Any CPU = Release|Any CPU
	EndGlobalSection
	GlobalSection(ProjectConfigurationPlatforms) = postSolution
		{31A3FDDD-F716-44A7-919C-8036F4398CC4}.Debug|Any CPU.ActiveCfg = Debug|Any CPU
		{31A3FDDD-F716-44A7-919C-8036F4398CC4}.Debug|Any CPU.Build.0 = Debug|Any CPU
		{31A3FDDD-F716-44A7-919C-8036F4398CC4}.Release|Any CPU.ActiveCfg = Release|Any CPU
		{31A3FDDD-F716-44A7-919C-8036F4398CC4}.Release|Any CPU.Build.0 = Release|Any CPU
		{7ABF6944-45A2-4A79-AD6E-B7A8D982DCD9}.Debug|Any CPU.ActiveCfg = Debug|Any CPU
		{7ABF6944-45A2-4A79-AD6E-B7A8D982DCD9}.Debug|Any CPU.Build.0 = Debug|Any CPU
		{7ABF6944-45A2-4A79-AD6E-B7A8D982DCD9}.Release|Any CPU.ActiveCfg = Release|Any CPU
		{7ABF6944-45A2-4A79-AD6E-B7A8D982DCD9}.Release|Any CPU.Build.0 = Release|Any CPU
		{C4DB97F8-E9FD-4EDF-B06B-5EE26A70B9BE}.Debug|Any CPU.ActiveCfg = Debug|Any CPU
		{C4DB97F8-E9FD-4EDF-B06B-5EE26A70B9BE}.Debug|Any CPU.Build.0 = Debug|Any CPU
		{C4DB97F8-E9FD-4EDF-B06B-5EE26A70B9BE}.Release|Any CPU.ActiveCfg = Release|Any CPU
		{C4DB97F8-E9FD-4EDF-B06B-5EE26A70B9BE}.Release|Any CPU.Build.0 = Release|Any CPU
	EndGlobalSection
	GlobalSection(SolutionProperties) = preSolution
		HideSolutionNode = FALSE
	EndGlobalSection
	GlobalSection(ExtensibilityGlobals) = postSolution
		SolutionGuid = {67728F8F-6CC7-4216-BBDE-F7802AD6124C}
	EndGlobalSection
EndGlobal
